// !$*UTF8*$!
{
	archiveVersion = 1;
	classes = {
	};
	objectVersion = 46;
	objects = {

/* Begin PBXBuildFile section */
		1A35595A1F001DF000FFFBCA /* CaptureNotesViewController.m in Sources */ = {isa = PBXBuildFile; fileRef = 1A3559591F001DF000FFFBCA /* CaptureNotesViewController.m */; };
		1A35595E1F0023DF00FFFBCA /* NotesForm.m in Sources */ = {isa = PBXBuildFile; fileRef = 1A35595D1F0023DF00FFFBCA /* NotesForm.m */; };
		1A3559611F00418000FFFBCA /* CGGeometry.m in Sources */ = {isa = PBXBuildFile; fileRef = 1A3559601F00418000FFFBCA /* CGGeometry.m */; };
		1A3559641F0062CB00FFFBCA /* CaptureNotesView.m in Sources */ = {isa = PBXBuildFile; fileRef = 1A3559631F0062CB00FFFBCA /* CaptureNotesView.m */; };
		1A3559671F00638300FFFBCA /* PhotoSettingsViewController.m in Sources */ = {isa = PBXBuildFile; fileRef = 1A3559661F00638300FFFBCA /* PhotoSettingsViewController.m */; };
		1A35596A1F006E4900FFFBCA /* PhotoStorage.m in Sources */ = {isa = PBXBuildFile; fileRef = 1A3559691F006E4900FFFBCA /* PhotoStorage.m */; };
		1A35596C1F007E9200FFFBCA /* GalleryViewController.m in Sources */ = {isa = PBXBuildFile; fileRef = 1A35596B1F007E9200FFFBCA /* GalleryViewController.m */; };
		1A3559701F0087D800FFFBCA /* GalleryCell.m in Sources */ = {isa = PBXBuildFile; fileRef = 1A35596F1F0087D800FFFBCA /* GalleryCell.m */; };
		1A3640651F049C650070E686 /* AMLMetadata.m in Sources */ = {isa = PBXBuildFile; fileRef = 1A3640641F049C650070E686 /* AMLMetadata.m */; };
		1A7432591EF592AF00CE9D17 /* UIColor+Additions.m in Sources */ = {isa = PBXBuildFile; fileRef = 1A7432581EF592AF00CE9D17 /* UIColor+Additions.m */; };
		1A74325C1EF5964F00CE9D17 /* AppCoordinator.m in Sources */ = {isa = PBXBuildFile; fileRef = 1A74325B1EF5964F00CE9D17 /* AppCoordinator.m */; };
		1A74325F1EF5A0F200CE9D17 /* ImageDetailViewController.m in Sources */ = {isa = PBXBuildFile; fileRef = 1A74325E1EF5A0F200CE9D17 /* ImageDetailViewController.m */; };
		1A7432621EF5CCFA00CE9D17 /* NSArray+Additions.m in Sources */ = {isa = PBXBuildFile; fileRef = 1A7432611EF5CCFA00CE9D17 /* NSArray+Additions.m */; };
		1A88972A1EEE3C0E00B38D24 /* UIImage+Resize.m in Sources */ = {isa = PBXBuildFile; fileRef = 1A8897291EEE3C0E00B38D24 /* UIImage+Resize.m */; };
		580A553F1E5CFC1000A70AB1 /* main.m in Sources */ = {isa = PBXBuildFile; fileRef = 580A553E1E5CFC1000A70AB1 /* main.m */; };
		580A55421E5CFC1000A70AB1 /* AppDelegate.m in Sources */ = {isa = PBXBuildFile; fileRef = 580A55411E5CFC1000A70AB1 /* AppDelegate.m */; };
		580A55451E5CFC1000A70AB1 /* CameraViewController.m in Sources */ = {isa = PBXBuildFile; fileRef = 580A55441E5CFC1000A70AB1 /* CameraViewController.m */; };
		580A55481E5CFC1000A70AB1 /* Main.storyboard in Resources */ = {isa = PBXBuildFile; fileRef = 580A55461E5CFC1000A70AB1 /* Main.storyboard */; };
		580A554A1E5CFC1000A70AB1 /* Assets.xcassets in Resources */ = {isa = PBXBuildFile; fileRef = 580A55491E5CFC1000A70AB1 /* Assets.xcassets */; };
		580A554D1E5CFC1000A70AB1 /* LaunchScreen.storyboard in Resources */ = {isa = PBXBuildFile; fileRef = 580A554B1E5CFC1000A70AB1 /* LaunchScreen.storyboard */; };
		580A555B1E5D136200A70AB1 /* CALayer+Additions.m in Sources */ = {isa = PBXBuildFile; fileRef = 580A555A1E5D136200A70AB1 /* CALayer+Additions.m */; };
		580A555F1E5D1C5A00A70AB1 /* UIViewController+Additions.m in Sources */ = {isa = PBXBuildFile; fileRef = 580A555E1E5D1C5A00A70AB1 /* UIViewController+Additions.m */; };
		580A55621E5D1E7400A70AB1 /* MapKit.framework in Frameworks */ = {isa = PBXBuildFile; fileRef = 580A55611E5D1E7400A70AB1 /* MapKit.framework */; };
		580A55661E5D255600A70AB1 /* UIButton+Additions.m in Sources */ = {isa = PBXBuildFile; fileRef = 580A55651E5D255600A70AB1 /* UIButton+Additions.m */; };
		580A556A1E5E4E4800A70AB1 /* Fabric.framework in Frameworks */ = {isa = PBXBuildFile; fileRef = 580A55681E5E4E4800A70AB1 /* Fabric.framework */; };
		580A556B1E5E4E4800A70AB1 /* Crashlytics.framework in Frameworks */ = {isa = PBXBuildFile; fileRef = 580A55691E5E4E4800A70AB1 /* Crashlytics.framework */; };
		581AA20A1E9D8A6000D6387B /* FirebaseStorage.framework in Frameworks */ = {isa = PBXBuildFile; fileRef = 581AA2081E9D8A6000D6387B /* FirebaseStorage.framework */; };
		581AA20B1E9D8A6000D6387B /* GTMSessionFetcher.framework in Frameworks */ = {isa = PBXBuildFile; fileRef = 581AA2091E9D8A6000D6387B /* GTMSessionFetcher.framework */; };
		5846B2011E773315008E48BC /* NavPage.m in Sources */ = {isa = PBXBuildFile; fileRef = 5846B2001E773315008E48BC /* NavPage.m */; };
		5846B2051E773354008E48BC /* TabBarPage.m in Sources */ = {isa = PBXBuildFile; fileRef = 5846B2041E773354008E48BC /* TabBarPage.m */; };
		5846B20A1E809BA9008E48BC /* FirebaseAnalytics.framework in Frameworks */ = {isa = PBXBuildFile; fileRef = 5846B2061E809BA9008E48BC /* FirebaseAnalytics.framework */; };
		5846B20B1E809BA9008E48BC /* FirebaseCore.framework in Frameworks */ = {isa = PBXBuildFile; fileRef = 5846B2071E809BA9008E48BC /* FirebaseCore.framework */; };
		5846B20C1E809BA9008E48BC /* FirebaseInstanceID.framework in Frameworks */ = {isa = PBXBuildFile; fileRef = 5846B2081E809BA9008E48BC /* FirebaseInstanceID.framework */; };
		5846B20D1E809BA9008E48BC /* GoogleToolboxForMac.framework in Frameworks */ = {isa = PBXBuildFile; fileRef = 5846B2091E809BA9008E48BC /* GoogleToolboxForMac.framework */; };
		5846B2111E809BCB008E48BC /* FirebaseAuth.framework in Frameworks */ = {isa = PBXBuildFile; fileRef = 5846B20E1E809BCB008E48BC /* FirebaseAuth.framework */; };
		5846B2131E809BCB008E48BC /* FirebaseDatabase.framework in Frameworks */ = {isa = PBXBuildFile; fileRef = 5846B2101E809BCB008E48BC /* FirebaseDatabase.framework */; };
		5846B2161E809C95008E48BC /* GoogleService-Info.plist in Resources */ = {isa = PBXBuildFile; fileRef = 5846B2151E809C95008E48BC /* GoogleService-Info.plist */; };
		5846B21A1E809DB7008E48BC /* PhotoSettings.m in Sources */ = {isa = PBXBuildFile; fileRef = 5846B2191E809DB7008E48BC /* PhotoSettings.m */; };
		5892D0D41E8616FD0051C60E /* Intro.storyboard in Resources */ = {isa = PBXBuildFile; fileRef = 5892D0D31E8616FD0051C60E /* Intro.storyboard */; };
		5896125C1EA6BAB4003C25C2 /* SyncPhotosCell.m in Sources */ = {isa = PBXBuildFile; fileRef = 5896125B1EA6BAB4003C25C2 /* SyncPhotosCell.m */; };
		58A1123D1ED65E50006689DC /* LocalPhoto.m in Sources */ = {isa = PBXBuildFile; fileRef = 58A1123C1ED65E50006689DC /* LocalPhoto.m */; };
		58A174AE1ED7BEAE003CACA0 /* ImageIO.framework in Frameworks */ = {isa = PBXBuildFile; fileRef = 58A174AD1ED7BEAE003CACA0 /* ImageIO.framework */; };
		58A174B01ED7BEB6003CACA0 /* AssetsLibrary.framework in Frameworks */ = {isa = PBXBuildFile; fileRef = 58A174AF1ED7BEB6003CACA0 /* AssetsLibrary.framework */; };
		58A174B21ED7BF4F003CACA0 /* Photos.framework in Frameworks */ = {isa = PBXBuildFile; fileRef = 58A174B11ED7BF4F003CACA0 /* Photos.framework */; };
/* End PBXBuildFile section */

/* Begin PBXFileReference section */
		05C28DCB1F018D480067736E /* Amal.entitlements */ = {isa = PBXFileReference; lastKnownFileType = text.plist.entitlements; path = Amal.entitlements; sourceTree = "<group>"; };
		1A3559581F001DF000FFFBCA /* CaptureNotesViewController.h */ = {isa = PBXFileReference; fileEncoding = 4; lastKnownFileType = sourcecode.c.h; path = CaptureNotesViewController.h; sourceTree = "<group>"; };
		1A3559591F001DF000FFFBCA /* CaptureNotesViewController.m */ = {isa = PBXFileReference; fileEncoding = 4; lastKnownFileType = sourcecode.c.objc; path = CaptureNotesViewController.m; sourceTree = "<group>"; };
		1A35595C1F0023DF00FFFBCA /* NotesForm.h */ = {isa = PBXFileReference; fileEncoding = 4; lastKnownFileType = sourcecode.c.h; path = NotesForm.h; sourceTree = "<group>"; };
		1A35595D1F0023DF00FFFBCA /* NotesForm.m */ = {isa = PBXFileReference; fileEncoding = 4; lastKnownFileType = sourcecode.c.objc; path = NotesForm.m; sourceTree = "<group>"; };
		1A35595F1F00418000FFFBCA /* CGGeometry.h */ = {isa = PBXFileReference; fileEncoding = 4; lastKnownFileType = sourcecode.c.h; path = CGGeometry.h; sourceTree = "<group>"; };
		1A3559601F00418000FFFBCA /* CGGeometry.m */ = {isa = PBXFileReference; fileEncoding = 4; lastKnownFileType = sourcecode.c.objc; path = CGGeometry.m; sourceTree = "<group>"; };
		1A3559621F0062CB00FFFBCA /* CaptureNotesView.h */ = {isa = PBXFileReference; fileEncoding = 4; lastKnownFileType = sourcecode.c.h; path = CaptureNotesView.h; sourceTree = "<group>"; };
		1A3559631F0062CB00FFFBCA /* CaptureNotesView.m */ = {isa = PBXFileReference; fileEncoding = 4; lastKnownFileType = sourcecode.c.objc; path = CaptureNotesView.m; sourceTree = "<group>"; };
		1A3559651F00638300FFFBCA /* PhotoSettingsViewController.h */ = {isa = PBXFileReference; fileEncoding = 4; lastKnownFileType = sourcecode.c.h; path = PhotoSettingsViewController.h; sourceTree = "<group>"; };
		1A3559661F00638300FFFBCA /* PhotoSettingsViewController.m */ = {isa = PBXFileReference; fileEncoding = 4; lastKnownFileType = sourcecode.c.objc; path = PhotoSettingsViewController.m; sourceTree = "<group>"; };
		1A3559681F006E4900FFFBCA /* PhotoStorage.h */ = {isa = PBXFileReference; fileEncoding = 4; lastKnownFileType = sourcecode.c.h; path = PhotoStorage.h; sourceTree = "<group>"; };
		1A3559691F006E4900FFFBCA /* PhotoStorage.m */ = {isa = PBXFileReference; fileEncoding = 4; lastKnownFileType = sourcecode.c.objc; path = PhotoStorage.m; sourceTree = "<group>"; };
		1A35596B1F007E9200FFFBCA /* GalleryViewController.m */ = {isa = PBXFileReference; fileEncoding = 4; lastKnownFileType = sourcecode.c.objc; path = GalleryViewController.m; sourceTree = "<group>"; };
		1A35596D1F007E9C00FFFBCA /* GalleryViewController.h */ = {isa = PBXFileReference; lastKnownFileType = sourcecode.c.h; path = GalleryViewController.h; sourceTree = "<group>"; };
		1A35596E1F0087D800FFFBCA /* GalleryCell.h */ = {isa = PBXFileReference; fileEncoding = 4; lastKnownFileType = sourcecode.c.h; path = GalleryCell.h; sourceTree = "<group>"; };
		1A35596F1F0087D800FFFBCA /* GalleryCell.m */ = {isa = PBXFileReference; fileEncoding = 4; lastKnownFileType = sourcecode.c.objc; path = GalleryCell.m; sourceTree = "<group>"; };
		1A3640631F049C650070E686 /* AMLMetadata.h */ = {isa = PBXFileReference; fileEncoding = 4; lastKnownFileType = sourcecode.c.h; path = AMLMetadata.h; sourceTree = "<group>"; };
		1A3640641F049C650070E686 /* AMLMetadata.m */ = {isa = PBXFileReference; fileEncoding = 4; lastKnownFileType = sourcecode.c.objc; path = AMLMetadata.m; sourceTree = "<group>"; };
		1A7432571EF592AF00CE9D17 /* UIColor+Additions.h */ = {isa = PBXFileReference; fileEncoding = 4; lastKnownFileType = sourcecode.c.h; path = "UIColor+Additions.h"; sourceTree = "<group>"; };
		1A7432581EF592AF00CE9D17 /* UIColor+Additions.m */ = {isa = PBXFileReference; fileEncoding = 4; lastKnownFileType = sourcecode.c.objc; path = "UIColor+Additions.m"; sourceTree = "<group>"; };
		1A74325A1EF5964F00CE9D17 /* AppCoordinator.h */ = {isa = PBXFileReference; fileEncoding = 4; lastKnownFileType = sourcecode.c.h; path = AppCoordinator.h; sourceTree = "<group>"; };
		1A74325B1EF5964F00CE9D17 /* AppCoordinator.m */ = {isa = PBXFileReference; fileEncoding = 4; lastKnownFileType = sourcecode.c.objc; path = AppCoordinator.m; sourceTree = "<group>"; };
		1A74325D1EF5A0F200CE9D17 /* ImageDetailViewController.h */ = {isa = PBXFileReference; fileEncoding = 4; lastKnownFileType = sourcecode.c.h; path = ImageDetailViewController.h; sourceTree = "<group>"; };
		1A74325E1EF5A0F200CE9D17 /* ImageDetailViewController.m */ = {isa = PBXFileReference; fileEncoding = 4; lastKnownFileType = sourcecode.c.objc; path = ImageDetailViewController.m; sourceTree = "<group>"; };
		1A7432601EF5CCFA00CE9D17 /* NSArray+Additions.h */ = {isa = PBXFileReference; fileEncoding = 4; lastKnownFileType = sourcecode.c.h; path = "NSArray+Additions.h"; sourceTree = "<group>"; };
		1A7432611EF5CCFA00CE9D17 /* NSArray+Additions.m */ = {isa = PBXFileReference; fileEncoding = 4; lastKnownFileType = sourcecode.c.objc; path = "NSArray+Additions.m"; sourceTree = "<group>"; };
		1A8897281EEE3C0E00B38D24 /* UIImage+Resize.h */ = {isa = PBXFileReference; fileEncoding = 4; lastKnownFileType = sourcecode.c.h; path = "UIImage+Resize.h"; sourceTree = "<group>"; };
		1A8897291EEE3C0E00B38D24 /* UIImage+Resize.m */ = {isa = PBXFileReference; fileEncoding = 4; lastKnownFileType = sourcecode.c.objc; path = "UIImage+Resize.m"; sourceTree = "<group>"; };
		580A553A1E5CFC1000A70AB1 /* Amal.app */ = {isa = PBXFileReference; explicitFileType = wrapper.application; includeInIndex = 0; path = Amal.app; sourceTree = BUILT_PRODUCTS_DIR; };
		580A553E1E5CFC1000A70AB1 /* main.m */ = {isa = PBXFileReference; lastKnownFileType = sourcecode.c.objc; path = main.m; sourceTree = "<group>"; };
		580A55401E5CFC1000A70AB1 /* AppDelegate.h */ = {isa = PBXFileReference; lastKnownFileType = sourcecode.c.h; path = AppDelegate.h; sourceTree = "<group>"; };
		580A55411E5CFC1000A70AB1 /* AppDelegate.m */ = {isa = PBXFileReference; lastKnownFileType = sourcecode.c.objc; path = AppDelegate.m; sourceTree = "<group>"; };
		580A55431E5CFC1000A70AB1 /* CameraViewController.h */ = {isa = PBXFileReference; lastKnownFileType = sourcecode.c.h; path = CameraViewController.h; sourceTree = "<group>"; };
		580A55441E5CFC1000A70AB1 /* CameraViewController.m */ = {isa = PBXFileReference; lastKnownFileType = sourcecode.c.objc; path = CameraViewController.m; sourceTree = "<group>"; };
		580A55471E5CFC1000A70AB1 /* Base */ = {isa = PBXFileReference; lastKnownFileType = file.storyboard; name = Base; path = Base.lproj/Main.storyboard; sourceTree = "<group>"; };
		580A55491E5CFC1000A70AB1 /* Assets.xcassets */ = {isa = PBXFileReference; lastKnownFileType = folder.assetcatalog; path = Assets.xcassets; sourceTree = "<group>"; };
		580A554C1E5CFC1000A70AB1 /* Base */ = {isa = PBXFileReference; lastKnownFileType = file.storyboard; name = Base; path = Base.lproj/LaunchScreen.storyboard; sourceTree = "<group>"; };
		580A554E1E5CFC1000A70AB1 /* Info.plist */ = {isa = PBXFileReference; lastKnownFileType = text.plist.xml; path = Info.plist; sourceTree = "<group>"; };
		580A55591E5D136200A70AB1 /* CALayer+Additions.h */ = {isa = PBXFileReference; fileEncoding = 4; lastKnownFileType = sourcecode.c.h; path = "CALayer+Additions.h"; sourceTree = "<group>"; };
		580A555A1E5D136200A70AB1 /* CALayer+Additions.m */ = {isa = PBXFileReference; fileEncoding = 4; lastKnownFileType = sourcecode.c.objc; path = "CALayer+Additions.m"; sourceTree = "<group>"; };
		580A555D1E5D1C5A00A70AB1 /* UIViewController+Additions.h */ = {isa = PBXFileReference; fileEncoding = 4; lastKnownFileType = sourcecode.c.h; path = "UIViewController+Additions.h"; sourceTree = "<group>"; };
		580A555E1E5D1C5A00A70AB1 /* UIViewController+Additions.m */ = {isa = PBXFileReference; fileEncoding = 4; lastKnownFileType = sourcecode.c.objc; path = "UIViewController+Additions.m"; sourceTree = "<group>"; };
		580A55611E5D1E7400A70AB1 /* MapKit.framework */ = {isa = PBXFileReference; lastKnownFileType = wrapper.framework; name = MapKit.framework; path = System/Library/Frameworks/MapKit.framework; sourceTree = SDKROOT; };
		580A55641E5D255600A70AB1 /* UIButton+Additions.h */ = {isa = PBXFileReference; fileEncoding = 4; lastKnownFileType = sourcecode.c.h; path = "UIButton+Additions.h"; sourceTree = "<group>"; };
		580A55651E5D255600A70AB1 /* UIButton+Additions.m */ = {isa = PBXFileReference; fileEncoding = 4; lastKnownFileType = sourcecode.c.objc; path = "UIButton+Additions.m"; sourceTree = "<group>"; };
		580A55681E5E4E4800A70AB1 /* Fabric.framework */ = {isa = PBXFileReference; lastKnownFileType = wrapper.framework; path = Fabric.framework; sourceTree = "<group>"; };
		580A55691E5E4E4800A70AB1 /* Crashlytics.framework */ = {isa = PBXFileReference; lastKnownFileType = wrapper.framework; path = Crashlytics.framework; sourceTree = "<group>"; };
		581AA2081E9D8A6000D6387B /* FirebaseStorage.framework */ = {isa = PBXFileReference; lastKnownFileType = wrapper.framework; path = FirebaseStorage.framework; sourceTree = "<group>"; };
		581AA2091E9D8A6000D6387B /* GTMSessionFetcher.framework */ = {isa = PBXFileReference; lastKnownFileType = wrapper.framework; path = GTMSessionFetcher.framework; sourceTree = "<group>"; };
		5846B1FF1E773315008E48BC /* NavPage.h */ = {isa = PBXFileReference; fileEncoding = 4; lastKnownFileType = sourcecode.c.h; path = NavPage.h; sourceTree = "<group>"; };
		5846B2001E773315008E48BC /* NavPage.m */ = {isa = PBXFileReference; fileEncoding = 4; lastKnownFileType = sourcecode.c.objc; path = NavPage.m; sourceTree = "<group>"; };
		5846B2031E773354008E48BC /* TabBarPage.h */ = {isa = PBXFileReference; fileEncoding = 4; lastKnownFileType = sourcecode.c.h; path = TabBarPage.h; sourceTree = "<group>"; };
		5846B2041E773354008E48BC /* TabBarPage.m */ = {isa = PBXFileReference; fileEncoding = 4; lastKnownFileType = sourcecode.c.objc; path = TabBarPage.m; sourceTree = "<group>"; };
		5846B2061E809BA9008E48BC /* FirebaseAnalytics.framework */ = {isa = PBXFileReference; lastKnownFileType = wrapper.framework; path = FirebaseAnalytics.framework; sourceTree = "<group>"; };
		5846B2071E809BA9008E48BC /* FirebaseCore.framework */ = {isa = PBXFileReference; lastKnownFileType = wrapper.framework; path = FirebaseCore.framework; sourceTree = "<group>"; };
		5846B2081E809BA9008E48BC /* FirebaseInstanceID.framework */ = {isa = PBXFileReference; lastKnownFileType = wrapper.framework; path = FirebaseInstanceID.framework; sourceTree = "<group>"; };
		5846B2091E809BA9008E48BC /* GoogleToolboxForMac.framework */ = {isa = PBXFileReference; lastKnownFileType = wrapper.framework; path = GoogleToolboxForMac.framework; sourceTree = "<group>"; };
		5846B20E1E809BCB008E48BC /* FirebaseAuth.framework */ = {isa = PBXFileReference; lastKnownFileType = wrapper.framework; path = FirebaseAuth.framework; sourceTree = "<group>"; };
		5846B2101E809BCB008E48BC /* FirebaseDatabase.framework */ = {isa = PBXFileReference; lastKnownFileType = wrapper.framework; path = FirebaseDatabase.framework; sourceTree = "<group>"; };
		5846B2141E809BF4008E48BC /* Firebase.h */ = {isa = PBXFileReference; lastKnownFileType = sourcecode.c.h; path = Firebase.h; sourceTree = "<group>"; };
		5846B2151E809C95008E48BC /* GoogleService-Info.plist */ = {isa = PBXFileReference; fileEncoding = 4; lastKnownFileType = text.plist.xml; path = "GoogleService-Info.plist"; sourceTree = "<group>"; };
		5846B2181E809DB7008E48BC /* PhotoSettings.h */ = {isa = PBXFileReference; fileEncoding = 4; lastKnownFileType = sourcecode.c.h; path = PhotoSettings.h; sourceTree = "<group>"; };
		5846B2191E809DB7008E48BC /* PhotoSettings.m */ = {isa = PBXFileReference; fileEncoding = 4; lastKnownFileType = sourcecode.c.objc; path = PhotoSettings.m; sourceTree = "<group>"; };
		5892D0D31E8616FD0051C60E /* Intro.storyboard */ = {isa = PBXFileReference; fileEncoding = 4; lastKnownFileType = file.storyboard; path = Intro.storyboard; sourceTree = "<group>"; };
		5896125A1EA6BAB4003C25C2 /* SyncPhotosCell.h */ = {isa = PBXFileReference; fileEncoding = 4; lastKnownFileType = sourcecode.c.h; path = SyncPhotosCell.h; sourceTree = "<group>"; };
		5896125B1EA6BAB4003C25C2 /* SyncPhotosCell.m */ = {isa = PBXFileReference; fileEncoding = 4; lastKnownFileType = sourcecode.c.objc; path = SyncPhotosCell.m; sourceTree = "<group>"; };
		58A1123B1ED65E50006689DC /* LocalPhoto.h */ = {isa = PBXFileReference; fileEncoding = 4; lastKnownFileType = sourcecode.c.h; path = LocalPhoto.h; sourceTree = "<group>"; };
		58A1123C1ED65E50006689DC /* LocalPhoto.m */ = {isa = PBXFileReference; fileEncoding = 4; lastKnownFileType = sourcecode.c.objc; path = LocalPhoto.m; sourceTree = "<group>"; };
		58A174AD1ED7BEAE003CACA0 /* ImageIO.framework */ = {isa = PBXFileReference; lastKnownFileType = wrapper.framework; name = ImageIO.framework; path = System/Library/Frameworks/ImageIO.framework; sourceTree = SDKROOT; };
		58A174AF1ED7BEB6003CACA0 /* AssetsLibrary.framework */ = {isa = PBXFileReference; lastKnownFileType = wrapper.framework; name = AssetsLibrary.framework; path = System/Library/Frameworks/AssetsLibrary.framework; sourceTree = SDKROOT; };
		58A174B11ED7BF4F003CACA0 /* Photos.framework */ = {isa = PBXFileReference; lastKnownFileType = wrapper.framework; name = Photos.framework; path = System/Library/Frameworks/Photos.framework; sourceTree = SDKROOT; };
/* End PBXFileReference section */

/* Begin PBXFrameworksBuildPhase section */
		580A55371E5CFC1000A70AB1 /* Frameworks */ = {
			isa = PBXFrameworksBuildPhase;
			buildActionMask = 2147483647;
			files = (
				58A174B21ED7BF4F003CACA0 /* Photos.framework in Frameworks */,
				58A174B01ED7BEB6003CACA0 /* AssetsLibrary.framework in Frameworks */,
				58A174AE1ED7BEAE003CACA0 /* ImageIO.framework in Frameworks */,
				5846B20D1E809BA9008E48BC /* GoogleToolboxForMac.framework in Frameworks */,
				581AA20B1E9D8A6000D6387B /* GTMSessionFetcher.framework in Frameworks */,
				5846B20A1E809BA9008E48BC /* FirebaseAnalytics.framework in Frameworks */,
				5846B20C1E809BA9008E48BC /* FirebaseInstanceID.framework in Frameworks */,
				581AA20A1E9D8A6000D6387B /* FirebaseStorage.framework in Frameworks */,
				5846B2131E809BCB008E48BC /* FirebaseDatabase.framework in Frameworks */,
				5846B20B1E809BA9008E48BC /* FirebaseCore.framework in Frameworks */,
				580A55621E5D1E7400A70AB1 /* MapKit.framework in Frameworks */,
				5846B2111E809BCB008E48BC /* FirebaseAuth.framework in Frameworks */,
				580A556B1E5E4E4800A70AB1 /* Crashlytics.framework in Frameworks */,
				580A556A1E5E4E4800A70AB1 /* Fabric.framework in Frameworks */,
			);
			runOnlyForDeploymentPostprocessing = 0;
		};
/* End PBXFrameworksBuildPhase section */

/* Begin PBXGroup section */
		1A35595B1F0023CA00FFFBCA /* Capture Notes */ = {
			isa = PBXGroup;
			children = (
				1A3559651F00638300FFFBCA /* PhotoSettingsViewController.h */,
				1A3559661F00638300FFFBCA /* PhotoSettingsViewController.m */,
				1A3559581F001DF000FFFBCA /* CaptureNotesViewController.h */,
				1A3559591F001DF000FFFBCA /* CaptureNotesViewController.m */,
				1A3559621F0062CB00FFFBCA /* CaptureNotesView.h */,
				1A3559631F0062CB00FFFBCA /* CaptureNotesView.m */,
				1A35595C1F0023DF00FFFBCA /* NotesForm.h */,
				1A35595D1F0023DF00FFFBCA /* NotesForm.m */,
			);
			name = "Capture Notes";
			sourceTree = "<group>";
		};
		580A55311E5CFC1000A70AB1 = {
			isa = PBXGroup;
			children = (
				05C28DCB1F018D480067736E /* Amal.entitlements */,
				580A553C1E5CFC1000A70AB1 /* Aml */,
				580A553B1E5CFC1000A70AB1 /* Products */,
				580A55601E5D1E7300A70AB1 /* Frameworks */,
			);
			sourceTree = "<group>";
		};
		580A553B1E5CFC1000A70AB1 /* Products */ = {
			isa = PBXGroup;
			children = (
				580A553A1E5CFC1000A70AB1 /* Amal.app */,
			);
			name = Products;
			sourceTree = "<group>";
		};
		580A553C1E5CFC1000A70AB1 /* Aml */ = {
			isa = PBXGroup;
			children = (
				580A55401E5CFC1000A70AB1 /* AppDelegate.h */,
				580A55411E5CFC1000A70AB1 /* AppDelegate.m */,
				1A74325A1EF5964F00CE9D17 /* AppCoordinator.h */,
				1A74325B1EF5964F00CE9D17 /* AppCoordinator.m */,
				58BE51811E6639D1001B9575 /* Storyboards */,
				585333251EA9BA900011F390 /* Pages */,
				5846B21B1E80A3E8008E48BC /* Cells */,
				58A1123A1ED65E45006689DC /* Model */,
				580A55631E5D254600A70AB1 /* Extensions */,
				58BE51821E6639D7001B9575 /* Assets */,
				580A553D1E5CFC1000A70AB1 /* Supporting Files */,
			);
			path = Aml;
			sourceTree = "<group>";
		};
		580A553D1E5CFC1000A70AB1 /* Supporting Files */ = {
			isa = PBXGroup;
			children = (
				5846B2151E809C95008E48BC /* GoogleService-Info.plist */,
				580A554E1E5CFC1000A70AB1 /* Info.plist */,
				580A553E1E5CFC1000A70AB1 /* main.m */,
			);
			name = "Supporting Files";
			sourceTree = "<group>";
		};
		580A55601E5D1E7300A70AB1 /* Frameworks */ = {
			isa = PBXGroup;
			children = (
				58A174B11ED7BF4F003CACA0 /* Photos.framework */,
				58A174AF1ED7BEB6003CACA0 /* AssetsLibrary.framework */,
				58A174AD1ED7BEAE003CACA0 /* ImageIO.framework */,
				5846B2141E809BF4008E48BC /* Firebase.h */,
				581AA2081E9D8A6000D6387B /* FirebaseStorage.framework */,
				581AA2091E9D8A6000D6387B /* GTMSessionFetcher.framework */,
				5846B20E1E809BCB008E48BC /* FirebaseAuth.framework */,
				5846B2101E809BCB008E48BC /* FirebaseDatabase.framework */,
				5846B2061E809BA9008E48BC /* FirebaseAnalytics.framework */,
				5846B2071E809BA9008E48BC /* FirebaseCore.framework */,
				5846B2081E809BA9008E48BC /* FirebaseInstanceID.framework */,
				5846B2091E809BA9008E48BC /* GoogleToolboxForMac.framework */,
				580A55681E5E4E4800A70AB1 /* Fabric.framework */,
				580A55691E5E4E4800A70AB1 /* Crashlytics.framework */,
				580A55611E5D1E7400A70AB1 /* MapKit.framework */,
			);
			name = Frameworks;
			sourceTree = "<group>";
		};
		580A55631E5D254600A70AB1 /* Extensions */ = {
			isa = PBXGroup;
			children = (
				580A55641E5D255600A70AB1 /* UIButton+Additions.h */,
				580A55651E5D255600A70AB1 /* UIButton+Additions.m */,
				580A555D1E5D1C5A00A70AB1 /* UIViewController+Additions.h */,
				580A555E1E5D1C5A00A70AB1 /* UIViewController+Additions.m */,
				580A55591E5D136200A70AB1 /* CALayer+Additions.h */,
				580A555A1E5D136200A70AB1 /* CALayer+Additions.m */,
				1A8897281EEE3C0E00B38D24 /* UIImage+Resize.h */,
				1A8897291EEE3C0E00B38D24 /* UIImage+Resize.m */,
				1A7432571EF592AF00CE9D17 /* UIColor+Additions.h */,
				1A7432581EF592AF00CE9D17 /* UIColor+Additions.m */,
				1A7432601EF5CCFA00CE9D17 /* NSArray+Additions.h */,
				1A7432611EF5CCFA00CE9D17 /* NSArray+Additions.m */,
				1A35595F1F00418000FFFBCA /* CGGeometry.h */,
				1A3559601F00418000FFFBCA /* CGGeometry.m */,
			);
			name = Extensions;
			sourceTree = "<group>";
		};
		5846B21B1E80A3E8008E48BC /* Cells */ = {
			isa = PBXGroup;
			children = (
				5896125A1EA6BAB4003C25C2 /* SyncPhotosCell.h */,
				5896125B1EA6BAB4003C25C2 /* SyncPhotosCell.m */,
				1A35596E1F0087D800FFFBCA /* GalleryCell.h */,
				1A35596F1F0087D800FFFBCA /* GalleryCell.m */,
			);
			name = Cells;
			sourceTree = "<group>";
		};
		585333251EA9BA900011F390 /* Pages */ = {
			isa = PBXGroup;
			children = (
				5846B2031E773354008E48BC /* TabBarPage.h */,
				5846B2041E773354008E48BC /* TabBarPage.m */,
				5846B1FF1E773315008E48BC /* NavPage.h */,
				5846B2001E773315008E48BC /* NavPage.m */,
				580A55431E5CFC1000A70AB1 /* CameraViewController.h */,
				580A55441E5CFC1000A70AB1 /* CameraViewController.m */,
				1A35596D1F007E9C00FFFBCA /* GalleryViewController.h */,
				1A35596B1F007E9200FFFBCA /* GalleryViewController.m */,
				1A74325D1EF5A0F200CE9D17 /* ImageDetailViewController.h */,
				1A74325E1EF5A0F200CE9D17 /* ImageDetailViewController.m */,
				1A35595B1F0023CA00FFFBCA /* Capture Notes */,
			);
			name = Pages;
			sourceTree = "<group>";
		};
		58A1123A1ED65E45006689DC /* Model */ = {
			isa = PBXGroup;
			children = (
				1A3559681F006E4900FFFBCA /* PhotoStorage.h */,
				1A3559691F006E4900FFFBCA /* PhotoStorage.m */,
				58A1123B1ED65E50006689DC /* LocalPhoto.h */,
				58A1123C1ED65E50006689DC /* LocalPhoto.m */,
				5846B2181E809DB7008E48BC /* PhotoSettings.h */,
				5846B2191E809DB7008E48BC /* PhotoSettings.m */,
				1A3640631F049C650070E686 /* AMLMetadata.h */,
				1A3640641F049C650070E686 /* AMLMetadata.m */,
			);
			name = Model;
			sourceTree = "<group>";
		};
		58BE51811E6639D1001B9575 /* Storyboards */ = {
			isa = PBXGroup;
			children = (
				580A55461E5CFC1000A70AB1 /* Main.storyboard */,
				580A554B1E5CFC1000A70AB1 /* LaunchScreen.storyboard */,
				5892D0D31E8616FD0051C60E /* Intro.storyboard */,
			);
			name = Storyboards;
			sourceTree = "<group>";
		};
		58BE51821E6639D7001B9575 /* Assets */ = {
			isa = PBXGroup;
			children = (
				580A55491E5CFC1000A70AB1 /* Assets.xcassets */,
			);
			name = Assets;
			sourceTree = "<group>";
		};
/* End PBXGroup section */

/* Begin PBXNativeTarget section */
		580A55391E5CFC1000A70AB1 /* Amal */ = {
			isa = PBXNativeTarget;
			buildConfigurationList = 580A55511E5CFC1000A70AB1 /* Build configuration list for PBXNativeTarget "Amal" */;
			buildPhases = (
				580A55361E5CFC1000A70AB1 /* Sources */,
				580A55371E5CFC1000A70AB1 /* Frameworks */,
				580A55381E5CFC1000A70AB1 /* Resources */,
				580A55671E5E4E3000A70AB1 /* ShellScript */,
			);
			buildRules = (
			);
			dependencies = (
			);
			name = Amal;
			productName = Aml;
			productReference = 580A553A1E5CFC1000A70AB1 /* Amal.app */;
			productType = "com.apple.product-type.application";
		};
/* End PBXNativeTarget section */

/* Begin PBXProject section */
		580A55321E5CFC1000A70AB1 /* Project object */ = {
			isa = PBXProject;
			attributes = {
				LastUpgradeCheck = 0820;
				ORGANIZATIONNAME = "Global Heritage Fund";
				TargetAttributes = {
					580A55391E5CFC1000A70AB1 = {
						CreatedOnToolsVersion = 8.2.1;
						DevelopmentTeam = SG3NZ84FK5;
						ProvisioningStyle = Automatic;
						SystemCapabilities = {
							com.apple.Push = {
								enabled = 0;
							};
						};
					};
				};
			};
			buildConfigurationList = 580A55351E5CFC1000A70AB1 /* Build configuration list for PBXProject "Amal" */;
			compatibilityVersion = "Xcode 3.2";
			developmentRegion = English;
			hasScannedForEncodings = 0;
			knownRegions = (
				en,
				Base,
			);
			mainGroup = 580A55311E5CFC1000A70AB1;
			productRefGroup = 580A553B1E5CFC1000A70AB1 /* Products */;
			projectDirPath = "";
			projectRoot = "";
			targets = (
				580A55391E5CFC1000A70AB1 /* Amal */,
			);
		};
/* End PBXProject section */

/* Begin PBXResourcesBuildPhase section */
		580A55381E5CFC1000A70AB1 /* Resources */ = {
			isa = PBXResourcesBuildPhase;
			buildActionMask = 2147483647;
			files = (
				580A554D1E5CFC1000A70AB1 /* LaunchScreen.storyboard in Resources */,
				580A554A1E5CFC1000A70AB1 /* Assets.xcassets in Resources */,
				580A55481E5CFC1000A70AB1 /* Main.storyboard in Resources */,
				5846B2161E809C95008E48BC /* GoogleService-Info.plist in Resources */,
				5892D0D41E8616FD0051C60E /* Intro.storyboard in Resources */,
			);
			runOnlyForDeploymentPostprocessing = 0;
		};
/* End PBXResourcesBuildPhase section */

/* Begin PBXShellScriptBuildPhase section */
		580A55671E5E4E3000A70AB1 /* ShellScript */ = {
			isa = PBXShellScriptBuildPhase;
			buildActionMask = 2147483647;
			files = (
			);
			inputPaths = (
			);
			outputPaths = (
			);
			runOnlyForDeploymentPostprocessing = 0;
			shellPath = /bin/sh;
			shellScript = "./Fabric.framework/run 2ab0395cf58b182ae93affd373c203eefa18a44b 9d6e894c8750efc6abd12e9142a263f6026e8497fae785078961f6c26814cd4a";
		};
/* End PBXShellScriptBuildPhase section */

/* Begin PBXSourcesBuildPhase section */
		580A55361E5CFC1000A70AB1 /* Sources */ = {
			isa = PBXSourcesBuildPhase;
			buildActionMask = 2147483647;
			files = (
				580A555F1E5D1C5A00A70AB1 /* UIViewController+Additions.m in Sources */,
				58A1123D1ED65E50006689DC /* LocalPhoto.m in Sources */,
				580A55661E5D255600A70AB1 /* UIButton+Additions.m in Sources */,
				5896125C1EA6BAB4003C25C2 /* SyncPhotosCell.m in Sources */,
				5846B21A1E809DB7008E48BC /* PhotoSettings.m in Sources */,
				1A35596A1F006E4900FFFBCA /* PhotoStorage.m in Sources */,
				1A3640651F049C650070E686 /* AMLMetadata.m in Sources */,
				1A35595A1F001DF000FFFBCA /* CaptureNotesViewController.m in Sources */,
				1A3559671F00638300FFFBCA /* PhotoSettingsViewController.m in Sources */,
				580A55451E5CFC1000A70AB1 /* CameraViewController.m in Sources */,
				580A55421E5CFC1000A70AB1 /* AppDelegate.m in Sources */,
				1A74325C1EF5964F00CE9D17 /* AppCoordinator.m in Sources */,
				1A7432591EF592AF00CE9D17 /* UIColor+Additions.m in Sources */,
				1A35595E1F0023DF00FFFBCA /* NotesForm.m in Sources */,
				1A3559611F00418000FFFBCA /* CGGeometry.m in Sources */,
				1A3559701F0087D800FFFBCA /* GalleryCell.m in Sources */,
				1A88972A1EEE3C0E00B38D24 /* UIImage+Resize.m in Sources */,
				1A7432621EF5CCFA00CE9D17 /* NSArray+Additions.m in Sources */,
				5846B2011E773315008E48BC /* NavPage.m in Sources */,
				1A35596C1F007E9200FFFBCA /* GalleryViewController.m in Sources */,
				580A553F1E5CFC1000A70AB1 /* main.m in Sources */,
				5846B2051E773354008E48BC /* TabBarPage.m in Sources */,
				580A555B1E5D136200A70AB1 /* CALayer+Additions.m in Sources */,
				1A3559641F0062CB00FFFBCA /* CaptureNotesView.m in Sources */,
				1A74325F1EF5A0F200CE9D17 /* ImageDetailViewController.m in Sources */,
			);
			runOnlyForDeploymentPostprocessing = 0;
		};
/* End PBXSourcesBuildPhase section */

/* Begin PBXVariantGroup section */
		580A55461E5CFC1000A70AB1 /* Main.storyboard */ = {
			isa = PBXVariantGroup;
			children = (
				580A55471E5CFC1000A70AB1 /* Base */,
			);
			name = Main.storyboard;
			sourceTree = "<group>";
		};
		580A554B1E5CFC1000A70AB1 /* LaunchScreen.storyboard */ = {
			isa = PBXVariantGroup;
			children = (
				580A554C1E5CFC1000A70AB1 /* Base */,
			);
			name = LaunchScreen.storyboard;
			sourceTree = "<group>";
		};
/* End PBXVariantGroup section */

/* Begin XCBuildConfiguration section */
		580A554F1E5CFC1000A70AB1 /* Debug */ = {
			isa = XCBuildConfiguration;
			buildSettings = {
				ALWAYS_SEARCH_USER_PATHS = NO;
				CLANG_ANALYZER_NONNULL = YES;
				CLANG_CXX_LANGUAGE_STANDARD = "gnu++0x";
				CLANG_CXX_LIBRARY = "libc++";
				CLANG_ENABLE_MODULES = YES;
				CLANG_ENABLE_OBJC_ARC = YES;
				CLANG_WARN_BOOL_CONVERSION = YES;
				CLANG_WARN_CONSTANT_CONVERSION = YES;
				CLANG_WARN_DIRECT_OBJC_ISA_USAGE = YES_ERROR;
				CLANG_WARN_DOCUMENTATION_COMMENTS = YES;
				CLANG_WARN_EMPTY_BODY = YES;
				CLANG_WARN_ENUM_CONVERSION = YES;
				CLANG_WARN_INFINITE_RECURSION = YES;
				CLANG_WARN_INT_CONVERSION = YES;
				CLANG_WARN_OBJC_ROOT_CLASS = YES_ERROR;
				CLANG_WARN_SUSPICIOUS_MOVE = YES;
				CLANG_WARN_UNREACHABLE_CODE = YES;
				CLANG_WARN__DUPLICATE_METHOD_MATCH = YES;
				"CODE_SIGN_IDENTITY[sdk=iphoneos*]" = "iPhone Developer";
				COPY_PHASE_STRIP = NO;
				DEBUG_INFORMATION_FORMAT = dwarf;
				ENABLE_STRICT_OBJC_MSGSEND = YES;
				ENABLE_TESTABILITY = YES;
				GCC_C_LANGUAGE_STANDARD = gnu99;
				GCC_DYNAMIC_NO_PIC = NO;
				GCC_NO_COMMON_BLOCKS = YES;
				GCC_OPTIMIZATION_LEVEL = 0;
				GCC_PREPROCESSOR_DEFINITIONS = (
					"DEBUG=1",
					"$(inherited)",
				);
				GCC_WARN_64_TO_32_BIT_CONVERSION = YES;
				GCC_WARN_ABOUT_RETURN_TYPE = YES_ERROR;
				GCC_WARN_UNDECLARED_SELECTOR = YES;
				GCC_WARN_UNINITIALIZED_AUTOS = YES_AGGRESSIVE;
				GCC_WARN_UNUSED_FUNCTION = YES;
				GCC_WARN_UNUSED_VARIABLE = YES;
				IPHONEOS_DEPLOYMENT_TARGET = 9.0;
				MTL_ENABLE_DEBUG_INFO = YES;
				ONLY_ACTIVE_ARCH = YES;
				SDKROOT = iphoneos;
			};
			name = Debug;
		};
		580A55501E5CFC1000A70AB1 /* Release */ = {
			isa = XCBuildConfiguration;
			buildSettings = {
				ALWAYS_SEARCH_USER_PATHS = NO;
				CLANG_ANALYZER_NONNULL = YES;
				CLANG_CXX_LANGUAGE_STANDARD = "gnu++0x";
				CLANG_CXX_LIBRARY = "libc++";
				CLANG_ENABLE_MODULES = YES;
				CLANG_ENABLE_OBJC_ARC = YES;
				CLANG_WARN_BOOL_CONVERSION = YES;
				CLANG_WARN_CONSTANT_CONVERSION = YES;
				CLANG_WARN_DIRECT_OBJC_ISA_USAGE = YES_ERROR;
				CLANG_WARN_DOCUMENTATION_COMMENTS = YES;
				CLANG_WARN_EMPTY_BODY = YES;
				CLANG_WARN_ENUM_CONVERSION = YES;
				CLANG_WARN_INFINITE_RECURSION = YES;
				CLANG_WARN_INT_CONVERSION = YES;
				CLANG_WARN_OBJC_ROOT_CLASS = YES_ERROR;
				CLANG_WARN_SUSPICIOUS_MOVE = YES;
				CLANG_WARN_UNREACHABLE_CODE = YES;
				CLANG_WARN__DUPLICATE_METHOD_MATCH = YES;
				"CODE_SIGN_IDENTITY[sdk=iphoneos*]" = "iPhone Developer";
				COPY_PHASE_STRIP = NO;
				DEBUG_INFORMATION_FORMAT = "dwarf-with-dsym";
				ENABLE_NS_ASSERTIONS = NO;
				ENABLE_STRICT_OBJC_MSGSEND = YES;
				GCC_C_LANGUAGE_STANDARD = gnu99;
				GCC_NO_COMMON_BLOCKS = YES;
				GCC_WARN_64_TO_32_BIT_CONVERSION = YES;
				GCC_WARN_ABOUT_RETURN_TYPE = YES_ERROR;
				GCC_WARN_UNDECLARED_SELECTOR = YES;
				GCC_WARN_UNINITIALIZED_AUTOS = YES_AGGRESSIVE;
				GCC_WARN_UNUSED_FUNCTION = YES;
				GCC_WARN_UNUSED_VARIABLE = YES;
				IPHONEOS_DEPLOYMENT_TARGET = 9.0;
				MTL_ENABLE_DEBUG_INFO = NO;
				SDKROOT = iphoneos;
				VALIDATE_PRODUCT = YES;
			};
			name = Release;
		};
		580A55521E5CFC1000A70AB1 /* Debug */ = {
			isa = XCBuildConfiguration;
			buildSettings = {
				ASSETCATALOG_COMPILER_APPICON_NAME = AppIcon;
				"CODE_SIGN_IDENTITY[sdk=iphoneos*]" = "iPhone Developer";
				DEVELOPMENT_TEAM = SG3NZ84FK5;
				FRAMEWORK_SEARCH_PATHS = (
					"$(inherited)",
					"$(PROJECT_DIR)",
				);
				INFOPLIST_FILE = Aml/Info.plist;
				IPHONEOS_DEPLOYMENT_TARGET = 9.0;
				LD_RUNPATH_SEARCH_PATHS = "$(inherited) @executable_path/Frameworks";
				OTHER_LDFLAGS = (
					"-ObjC",
					"$(inherited)",
				);
				PRODUCT_BUNDLE_IDENTIFIER = org.amalglobal.amalinheritage;
				PRODUCT_NAME = "$(TARGET_NAME)";
				PROVISIONING_PROFILE = "";
				PROVISIONING_PROFILE_SPECIFIER = "";
			};
			name = Debug;
		};
		580A55531E5CFC1000A70AB1 /* Release */ = {
			isa = XCBuildConfiguration;
			buildSettings = {
				ASSETCATALOG_COMPILER_APPICON_NAME = AppIcon;
				"CODE_SIGN_IDENTITY[sdk=iphoneos*]" = "iPhone Developer";
				DEVELOPMENT_TEAM = SG3NZ84FK5;
				FRAMEWORK_SEARCH_PATHS = (
					"$(inherited)",
					"$(PROJECT_DIR)",
				);
				INFOPLIST_FILE = Aml/Info.plist;
				IPHONEOS_DEPLOYMENT_TARGET = 9.0;
				LD_RUNPATH_SEARCH_PATHS = "$(inherited) @executable_path/Frameworks";
				OTHER_LDFLAGS = (
					"-ObjC",
					"$(inherited)",
				);
				PRODUCT_BUNDLE_IDENTIFIER = org.amalglobal.amalinheritage;
				PRODUCT_NAME = "$(TARGET_NAME)";
				PROVISIONING_PROFILE = "";
				PROVISIONING_PROFILE_SPECIFIER = "";
			};
			name = Release;
		};
/* End XCBuildConfiguration section */

/* Begin XCConfigurationList section */
		580A55351E5CFC1000A70AB1 /* Build configuration list for PBXProject "Amal" */ = {
			isa = XCConfigurationList;
			buildConfigurations = (
				580A554F1E5CFC1000A70AB1 /* Debug */,
				580A55501E5CFC1000A70AB1 /* Release */,
			);
			defaultConfigurationIsVisible = 0;
			defaultConfigurationName = Release;
		};
		580A55511E5CFC1000A70AB1 /* Build configuration list for PBXNativeTarget "Amal" */ = {
			isa = XCConfigurationList;
			buildConfigurations = (
				580A55521E5CFC1000A70AB1 /* Debug */,
				580A55531E5CFC1000A70AB1 /* Release */,
			);
			defaultConfigurationIsVisible = 0;
			defaultConfigurationName = Release;
		};
/* End XCConfigurationList section */
	};
	rootObject = 580A55321E5CFC1000A70AB1 /* Project object */;
}
