// !$*UTF8*$!
{
	archiveVersion = 1;
	classes = {
	};
	objectVersion = 46;
	objects = {

/* Begin PBXBuildFile section */
		580A553F1E5CFC1000A70AB1 /* main.m in Sources */ = {isa = PBXBuildFile; fileRef = 580A553E1E5CFC1000A70AB1 /* main.m */; };
		580A55421E5CFC1000A70AB1 /* AppDelegate.m in Sources */ = {isa = PBXBuildFile; fileRef = 580A55411E5CFC1000A70AB1 /* AppDelegate.m */; };
		580A55451E5CFC1000A70AB1 /* ViewController.m in Sources */ = {isa = PBXBuildFile; fileRef = 580A55441E5CFC1000A70AB1 /* ViewController.m */; };
		580A55481E5CFC1000A70AB1 /* Main.storyboard in Resources */ = {isa = PBXBuildFile; fileRef = 580A55461E5CFC1000A70AB1 /* Main.storyboard */; };
		580A554A1E5CFC1000A70AB1 /* Assets.xcassets in Resources */ = {isa = PBXBuildFile; fileRef = 580A55491E5CFC1000A70AB1 /* Assets.xcassets */; };
		580A554D1E5CFC1000A70AB1 /* LaunchScreen.storyboard in Resources */ = {isa = PBXBuildFile; fileRef = 580A554B1E5CFC1000A70AB1 /* LaunchScreen.storyboard */; };
/* End PBXBuildFile section */

/* Begin PBXFileReference section */
		580A553A1E5CFC1000A70AB1 /* Aml.app */ = {isa = PBXFileReference; explicitFileType = wrapper.application; includeInIndex = 0; path = Aml.app; sourceTree = BUILT_PRODUCTS_DIR; };
		580A553E1E5CFC1000A70AB1 /* main.m */ = {isa = PBXFileReference; lastKnownFileType = sourcecode.c.objc; path = main.m; sourceTree = "<group>"; };
		580A55401E5CFC1000A70AB1 /* AppDelegate.h */ = {isa = PBXFileReference; lastKnownFileType = sourcecode.c.h; path = AppDelegate.h; sourceTree = "<group>"; };
		580A55411E5CFC1000A70AB1 /* AppDelegate.m */ = {isa = PBXFileReference; lastKnownFileType = sourcecode.c.objc; path = AppDelegate.m; sourceTree = "<group>"; };
		580A55431E5CFC1000A70AB1 /* ViewController.h */ = {isa = PBXFileReference; lastKnownFileType = sourcecode.c.h; path = ViewController.h; sourceTree = "<group>"; };
		580A55441E5CFC1000A70AB1 /* ViewController.m */ = {isa = PBXFileReference; lastKnownFileType = sourcecode.c.objc; path = ViewController.m; sourceTree = "<group>"; };
		580A55471E5CFC1000A70AB1 /* Base */ = {isa = PBXFileReference; lastKnownFileType = file.storyboard; name = Base; path = Base.lproj/Main.storyboard; sourceTree = "<group>"; };
		580A55491E5CFC1000A70AB1 /* Assets.xcassets */ = {isa = PBXFileReference; lastKnownFileType = folder.assetcatalog; path = Assets.xcassets; sourceTree = "<group>"; };
		580A554C1E5CFC1000A70AB1 /* Base */ = {isa = PBXFileReference; lastKnownFileType = file.storyboard; name = Base; path = Base.lproj/LaunchScreen.storyboard; sourceTree = "<group>"; };
		580A554E1E5CFC1000A70AB1 /* Info.plist */ = {isa = PBXFileReference; lastKnownFileType = text.plist.xml; path = Info.plist; sourceTree = "<group>"; };
/* End PBXFileReference section */

/* Begin PBXFrameworksBuildPhase section */
		580A55371E5CFC1000A70AB1 /* Frameworks */ = {
			isa = PBXFrameworksBuildPhase;
			buildActionMask = 2147483647;
			files = (
			);
			runOnlyForDeploymentPostprocessing = 0;
		};
/* End PBXFrameworksBuildPhase section */

/* Begin PBXGroup section */
		580A55311E5CFC1000A70AB1 = {
			isa = PBXGroup;
			children = (
				580A553C1E5CFC1000A70AB1 /* Aml */,
				580A553B1E5CFC1000A70AB1 /* Products */,
			);
			sourceTree = "<group>";
		};
		580A553B1E5CFC1000A70AB1 /* Products */ = {
			isa = PBXGroup;
			children = (
				580A553A1E5CFC1000A70AB1 /* Aml.app */,
			);
			name = Products;
			sourceTree = "<group>";
		};
		580A553C1E5CFC1000A70AB1 /* Aml */ = {
			isa = PBXGroup;
			children = (
				580A55401E5CFC1000A70AB1 /* AppDelegate.h */,
				580A55411E5CFC1000A70AB1 /* AppDelegate.m */,
				580A55431E5CFC1000A70AB1 /* ViewController.h */,
				580A55441E5CFC1000A70AB1 /* ViewController.m */,
				580A55461E5CFC1000A70AB1 /* Main.storyboard */,
				580A55491E5CFC1000A70AB1 /* Assets.xcassets */,
				580A554B1E5CFC1000A70AB1 /* LaunchScreen.storyboard */,
				580A554E1E5CFC1000A70AB1 /* Info.plist */,
				580A553D1E5CFC1000A70AB1 /* Supporting Files */,
			);
			path = Aml;
			sourceTree = "<group>";
		};
		580A553D1E5CFC1000A70AB1 /* Supporting Files */ = {
			isa = PBXGroup;
			children = (
				580A553E1E5CFC1000A70AB1 /* main.m */,
			);
			name = "Supporting Files";
			sourceTree = "<group>";
		};
/* End PBXGroup section */

/* Begin PBXNativeTarget section */
		580A55391E5CFC1000A70AB1 /* Aml */ = {
			isa = PBXNativeTarget;
			buildConfigurationList = 580A55511E5CFC1000A70AB1 /* Build configuration list for PBXNativeTarget "Aml" */;
			buildPhases = (
				580A55361E5CFC1000A70AB1 /* Sources */,
				580A55371E5CFC1000A70AB1 /* Frameworks */,
				580A55381E5CFC1000A70AB1 /* Resources */,
			);
			buildRules = (
			);
			dependencies = (
			);
			name = Aml;
			productName = Aml;
			productReference = 580A553A1E5CFC1000A70AB1 /* Aml.app */;
			productType = "com.apple.product-type.application";
		};
/* End PBXNativeTarget section */

/* Begin PBXProject section */
		580A55321E5CFC1000A70AB1 /* Project object */ = {
			isa = PBXProject;
			attributes = {
				LastUpgradeCheck = 0820;
				ORGANIZATIONNAME = Dustin;
				TargetAttributes = {
					580A55391E5CFC1000A70AB1 = {
						CreatedOnToolsVersion = 8.2.1;
						ProvisioningStyle = Automatic;
					};
				};
			};
			buildConfigurationList = 580A55351E5CFC1000A70AB1 /* Build configuration list for PBXProject "Aml" */;
			compatibilityVersion = "Xcode 3.2";
			developmentRegion = English;
			hasScannedForEncodings = 0;
			knownRegions = (
				en,
				Base,
			);
			mainGroup = 580A55311E5CFC1000A70AB1;
			productRefGroup = 580A553B1E5CFC1000A70AB1 /* Products */;
			projectDirPath = "";
			projectRoot = "";
			targets = (
				580A55391E5CFC1000A70AB1 /* Aml */,
			);
		};
/* End PBXProject section */

/* Begin PBXResourcesBuildPhase section */
		580A55381E5CFC1000A70AB1 /* Resources */ = {
			isa = PBXResourcesBuildPhase;
			buildActionMask = 2147483647;
			files = (
				580A554D1E5CFC1000A70AB1 /* LaunchScreen.storyboard in Resources */,
				580A554A1E5CFC1000A70AB1 /* Assets.xcassets in Resources */,
				580A55481E5CFC1000A70AB1 /* Main.storyboard in Resources */,
			);
			runOnlyForDeploymentPostprocessing = 0;
		};
/* End PBXResourcesBuildPhase section */

/* Begin PBXSourcesBuildPhase section */
		580A55361E5CFC1000A70AB1 /* Sources */ = {
			isa = PBXSourcesBuildPhase;
			buildActionMask = 2147483647;
			files = (
				580A55451E5CFC1000A70AB1 /* ViewController.m in Sources */,
				580A55421E5CFC1000A70AB1 /* AppDelegate.m in Sources */,
				580A553F1E5CFC1000A70AB1 /* main.m in Sources */,
			);
			runOnlyForDeploymentPostprocessing = 0;
		};
/* End PBXSourcesBuildPhase section */

/* Begin PBXVariantGroup section */
		580A55461E5CFC1000A70AB1 /* Main.storyboard */ = {
			isa = PBXVariantGroup;
			children = (
				580A55471E5CFC1000A70AB1 /* Base */,
			);
			name = Main.storyboard;
			sourceTree = "<group>";
		};
		580A554B1E5CFC1000A70AB1 /* LaunchScreen.storyboard */ = {
			isa = PBXVariantGroup;
			children = (
				580A554C1E5CFC1000A70AB1 /* Base */,
			);
			name = LaunchScreen.storyboard;
			sourceTree = "<group>";
		};
/* End PBXVariantGroup section */

/* Begin XCBuildConfiguration section */
		580A554F1E5CFC1000A70AB1 /* Debug */ = {
			isa = XCBuildConfiguration;
			buildSettings = {
				ALWAYS_SEARCH_USER_PATHS = NO;
				CLANG_ANALYZER_NONNULL = YES;
				CLANG_CXX_LANGUAGE_STANDARD = "gnu++0x";
				CLANG_CXX_LIBRARY = "libc++";
				CLANG_ENABLE_MODULES = YES;
				CLANG_ENABLE_OBJC_ARC = YES;
				CLANG_WARN_BOOL_CONVERSION = YES;
				CLANG_WARN_CONSTANT_CONVERSION = YES;
				CLANG_WARN_DIRECT_OBJC_ISA_USAGE = YES_ERROR;
				CLANG_WARN_DOCUMENTATION_COMMENTS = YES;
				CLANG_WARN_EMPTY_BODY = YES;
				CLANG_WARN_ENUM_CONVERSION = YES;
				CLANG_WARN_INFINITE_RECURSION = YES;
				CLANG_WARN_INT_CONVERSION = YES;
				CLANG_WARN_OBJC_ROOT_CLASS = YES_ERROR;
				CLANG_WARN_SUSPICIOUS_MOVE = YES;
				CLANG_WARN_UNREACHABLE_CODE = YES;
				CLANG_WARN__DUPLICATE_METHOD_MATCH = YES;
				"CODE_SIGN_IDENTITY[sdk=iphoneos*]" = "iPhone Developer";
				COPY_PHASE_STRIP = NO;
				DEBUG_INFORMATION_FORMAT = dwarf;
				ENABLE_STRICT_OBJC_MSGSEND = YES;
				ENABLE_TESTABILITY = YES;
				GCC_C_LANGUAGE_STANDARD = gnu99;
				GCC_DYNAMIC_NO_PIC = NO;
				GCC_NO_COMMON_BLOCKS = YES;
				GCC_OPTIMIZATION_LEVEL = 0;
				GCC_PREPROCESSOR_DEFINITIONS = (
					"DEBUG=1",
					"$(inherited)",
				);
				GCC_WARN_64_TO_32_BIT_CONVERSION = YES;
				GCC_WARN_ABOUT_RETURN_TYPE = YES_ERROR;
				GCC_WARN_UNDECLARED_SELECTOR = YES;
				GCC_WARN_UNINITIALIZED_AUTOS = YES_AGGRESSIVE;
				GCC_WARN_UNUSED_FUNCTION = YES;
				GCC_WARN_UNUSED_VARIABLE = YES;
				IPHONEOS_DEPLOYMENT_TARGET = 10.2;
				MTL_ENABLE_DEBUG_INFO = YES;
				ONLY_ACTIVE_ARCH = YES;
				SDKROOT = iphoneos;
			};
			name = Debug;
		};
		580A55501E5CFC1000A70AB1 /* Release */ = {
			isa = XCBuildConfiguration;
			buildSettings = {
				ALWAYS_SEARCH_USER_PATHS = NO;
				CLANG_ANALYZER_NONNULL = YES;
				CLANG_CXX_LANGUAGE_STANDARD = "gnu++0x";
				CLANG_CXX_LIBRARY = "libc++";
				CLANG_ENABLE_MODULES = YES;
				CLANG_ENABLE_OBJC_ARC = YES;
				CLANG_WARN_BOOL_CONVERSION = YES;
				CLANG_WARN_CONSTANT_CONVERSION = YES;
				CLANG_WARN_DIRECT_OBJC_ISA_USAGE = YES_ERROR;
				CLANG_WARN_DOCUMENTATION_COMMENTS = YES;
				CLANG_WARN_EMPTY_BODY = YES;
				CLANG_WARN_ENUM_CONVERSION = YES;
				CLANG_WARN_INFINITE_RECURSION = YES;
				CLANG_WARN_INT_CONVERSION = YES;
				CLANG_WARN_OBJC_ROOT_CLASS = YES_ERROR;
				CLANG_WARN_SUSPICIOUS_MOVE = YES;
				CLANG_WARN_UNREACHABLE_CODE = YES;
				CLANG_WARN__DUPLICATE_METHOD_MATCH = YES;
				"CODE_SIGN_IDENTITY[sdk=iphoneos*]" = "iPhone Developer";
				COPY_PHASE_STRIP = NO;
				DEBUG_INFORMATION_FORMAT = "dwarf-with-dsym";
				ENABLE_NS_ASSERTIONS = NO;
				ENABLE_STRICT_OBJC_MSGSEND = YES;
				GCC_C_LANGUAGE_STANDARD = gnu99;
				GCC_NO_COMMON_BLOCKS = YES;
				GCC_WARN_64_TO_32_BIT_CONVERSION = YES;
				GCC_WARN_ABOUT_RETURN_TYPE = YES_ERROR;
				GCC_WARN_UNDECLARED_SELECTOR = YES;
				GCC_WARN_UNINITIALIZED_AUTOS = YES_AGGRESSIVE;
				GCC_WARN_UNUSED_FUNCTION = YES;
				GCC_WARN_UNUSED_VARIABLE = YES;
				IPHONEOS_DEPLOYMENT_TARGET = 10.2;
				MTL_ENABLE_DEBUG_INFO = NO;
				SDKROOT = iphoneos;
				VALIDATE_PRODUCT = YES;
			};
			name = Release;
		};
		580A55521E5CFC1000A70AB1 /* Debug */ = {
			isa = XCBuildConfiguration;
			buildSettings = {
				ASSETCATALOG_COMPILER_APPICON_NAME = AppIcon;
				INFOPLIST_FILE = Aml/Info.plist;
				LD_RUNPATH_SEARCH_PATHS = "$(inherited) @executable_path/Frameworks";
				PRODUCT_BUNDLE_IDENTIFIER = Dustin.Aml;
				PRODUCT_NAME = "$(TARGET_NAME)";
			};
			name = Debug;
		};
		580A55531E5CFC1000A70AB1 /* Release */ = {
			isa = XCBuildConfiguration;
			buildSettings = {
				ASSETCATALOG_COMPILER_APPICON_NAME = AppIcon;
				INFOPLIST_FILE = Aml/Info.plist;
				LD_RUNPATH_SEARCH_PATHS = "$(inherited) @executable_path/Frameworks";
				PRODUCT_BUNDLE_IDENTIFIER = Dustin.Aml;
				PRODUCT_NAME = "$(TARGET_NAME)";
			};
			name = Release;
		};
/* End XCBuildConfiguration section */

/* Begin XCConfigurationList section */
		580A55351E5CFC1000A70AB1 /* Build configuration list for PBXProject "Aml" */ = {
			isa = XCConfigurationList;
			buildConfigurations = (
				580A554F1E5CFC1000A70AB1 /* Debug */,
				580A55501E5CFC1000A70AB1 /* Release */,
			);
			defaultConfigurationIsVisible = 0;
			defaultConfigurationName = Release;
		};
		580A55511E5CFC1000A70AB1 /* Build configuration list for PBXNativeTarget "Aml" */ = {
			isa = XCConfigurationList;
			buildConfigurations = (
				580A55521E5CFC1000A70AB1 /* Debug */,
				580A55531E5CFC1000A70AB1 /* Release */,
			);
			defaultConfigurationIsVisible = 0;
		};
/* End XCConfigurationList section */
	};
	rootObject = 580A55321E5CFC1000A70AB1 /* Project object */;
}
